// !$*UTF8*$!
{
	archiveVersion = 1;
	classes = {
	};
	objectVersion = 56;
	objects = {

/* Begin PBXBuildFile section */
		0E716B752B54896100B1D1D0 /* Renter_HelperApp.swift in Sources */ = {isa = PBXBuildFile; fileRef = 0E716B742B54896100B1D1D0 /* Renter_HelperApp.swift */; };
		0E716B772B54896100B1D1D0 /* ContentView.swift in Sources */ = {isa = PBXBuildFile; fileRef = 0E716B762B54896100B1D1D0 /* ContentView.swift */; };
		0E716B792B54896400B1D1D0 /* Assets.xcassets in Resources */ = {isa = PBXBuildFile; fileRef = 0E716B782B54896400B1D1D0 /* Assets.xcassets */; };
		0E716B7D2B54896400B1D1D0 /* Preview Assets.xcassets in Resources */ = {isa = PBXBuildFile; fileRef = 0E716B7C2B54896400B1D1D0 /* Preview Assets.xcassets */; };
		0ECF58CC2B5B15DC0077CBA8 /* GoogleService-Info.plist in Resources */ = {isa = PBXBuildFile; fileRef = 0ECF58CB2B5B15DC0077CBA8 /* GoogleService-Info.plist */; };
		0ECF58CF2B5B19230077CBA8 /* FirebaseAnalytics in Frameworks */ = {isa = PBXBuildFile; productRef = 0ECF58CE2B5B19230077CBA8 /* FirebaseAnalytics */; };
		0ECF58D12B5B19230077CBA8 /* FirebaseAnalyticsOnDeviceConversion in Frameworks */ = {isa = PBXBuildFile; productRef = 0ECF58D02B5B19230077CBA8 /* FirebaseAnalyticsOnDeviceConversion */; };
		0ECF58D32B5B19230077CBA8 /* FirebaseAnalyticsSwift in Frameworks */ = {isa = PBXBuildFile; productRef = 0ECF58D22B5B19230077CBA8 /* FirebaseAnalyticsSwift */; };
		0ECF58D52B5B19230077CBA8 /* FirebaseAnalyticsWithoutAdIdSupport in Frameworks */ = {isa = PBXBuildFile; productRef = 0ECF58D42B5B19230077CBA8 /* FirebaseAnalyticsWithoutAdIdSupport */; };
		0ECF58D72B5B19230077CBA8 /* FirebaseAppCheck in Frameworks */ = {isa = PBXBuildFile; productRef = 0ECF58D62B5B19230077CBA8 /* FirebaseAppCheck */; };
		0ECF58D92B5B19230077CBA8 /* FirebaseAppDistribution-Beta in Frameworks */ = {isa = PBXBuildFile; productRef = 0ECF58D82B5B19230077CBA8 /* FirebaseAppDistribution-Beta */; };
		0ECF58DB2B5B19230077CBA8 /* FirebaseAuth in Frameworks */ = {isa = PBXBuildFile; productRef = 0ECF58DA2B5B19230077CBA8 /* FirebaseAuth */; };
		0ECF58DD2B5B19230077CBA8 /* FirebaseAuthCombine-Community in Frameworks */ = {isa = PBXBuildFile; productRef = 0ECF58DC2B5B19230077CBA8 /* FirebaseAuthCombine-Community */; };
		0ECF58DF2B5B19230077CBA8 /* FirebaseCrashlytics in Frameworks */ = {isa = PBXBuildFile; productRef = 0ECF58DE2B5B19230077CBA8 /* FirebaseCrashlytics */; };
		0ECF58E12B5B19230077CBA8 /* FirebaseDatabase in Frameworks */ = {isa = PBXBuildFile; productRef = 0ECF58E02B5B19230077CBA8 /* FirebaseDatabase */; };
		0ECF58E32B5B19230077CBA8 /* FirebaseDatabaseSwift in Frameworks */ = {isa = PBXBuildFile; productRef = 0ECF58E22B5B19230077CBA8 /* FirebaseDatabaseSwift */; };
		0ECF58E52B5B19230077CBA8 /* FirebaseDynamicLinks in Frameworks */ = {isa = PBXBuildFile; productRef = 0ECF58E42B5B19230077CBA8 /* FirebaseDynamicLinks */; };
		0ECF58E72B5B19230077CBA8 /* FirebaseFirestore in Frameworks */ = {isa = PBXBuildFile; productRef = 0ECF58E62B5B19230077CBA8 /* FirebaseFirestore */; };
		0ECF58E92B5B19230077CBA8 /* FirebaseFirestoreCombine-Community in Frameworks */ = {isa = PBXBuildFile; productRef = 0ECF58E82B5B19230077CBA8 /* FirebaseFirestoreCombine-Community */; };
		0ECF58EB2B5B19230077CBA8 /* FirebaseFirestoreSwift in Frameworks */ = {isa = PBXBuildFile; productRef = 0ECF58EA2B5B19230077CBA8 /* FirebaseFirestoreSwift */; };
		0ECF58ED2B5B19230077CBA8 /* FirebaseFunctions in Frameworks */ = {isa = PBXBuildFile; productRef = 0ECF58EC2B5B19230077CBA8 /* FirebaseFunctions */; };
		0ECF58EF2B5B19230077CBA8 /* FirebaseFunctionsCombine-Community in Frameworks */ = {isa = PBXBuildFile; productRef = 0ECF58EE2B5B19230077CBA8 /* FirebaseFunctionsCombine-Community */; };
		0ECF58F12B5B19230077CBA8 /* FirebaseInAppMessaging-Beta in Frameworks */ = {isa = PBXBuildFile; productRef = 0ECF58F02B5B19230077CBA8 /* FirebaseInAppMessaging-Beta */; };
		0ECF58F32B5B19230077CBA8 /* FirebaseInAppMessagingSwift-Beta in Frameworks */ = {isa = PBXBuildFile; productRef = 0ECF58F22B5B19230077CBA8 /* FirebaseInAppMessagingSwift-Beta */; };
		0ECF58F52B5B19230077CBA8 /* FirebaseInstallations in Frameworks */ = {isa = PBXBuildFile; productRef = 0ECF58F42B5B19230077CBA8 /* FirebaseInstallations */; };
		0ECF58F72B5B19230077CBA8 /* FirebaseMLModelDownloader in Frameworks */ = {isa = PBXBuildFile; productRef = 0ECF58F62B5B19230077CBA8 /* FirebaseMLModelDownloader */; };
		0ECF58F92B5B19230077CBA8 /* FirebaseMessaging in Frameworks */ = {isa = PBXBuildFile; productRef = 0ECF58F82B5B19230077CBA8 /* FirebaseMessaging */; };
		0ECF58FB2B5B19230077CBA8 /* FirebasePerformance in Frameworks */ = {isa = PBXBuildFile; productRef = 0ECF58FA2B5B19230077CBA8 /* FirebasePerformance */; };
		0ECF58FD2B5B19230077CBA8 /* FirebaseRemoteConfig in Frameworks */ = {isa = PBXBuildFile; productRef = 0ECF58FC2B5B19230077CBA8 /* FirebaseRemoteConfig */; };
		0ECF58FF2B5B19230077CBA8 /* FirebaseRemoteConfigSwift in Frameworks */ = {isa = PBXBuildFile; productRef = 0ECF58FE2B5B19230077CBA8 /* FirebaseRemoteConfigSwift */; };
		0ECF59012B5B19230077CBA8 /* FirebaseStorage in Frameworks */ = {isa = PBXBuildFile; productRef = 0ECF59002B5B19230077CBA8 /* FirebaseStorage */; };
		0ECF59032B5B19230077CBA8 /* FirebaseStorageCombine-Community in Frameworks */ = {isa = PBXBuildFile; productRef = 0ECF59022B5B19230077CBA8 /* FirebaseStorageCombine-Community */; };
/* End PBXBuildFile section */

/* Begin PBXFileReference section */
		0E716B712B54896100B1D1D0 /* Renter-Helper.app */ = {isa = PBXFileReference; explicitFileType = wrapper.application; includeInIndex = 0; path = "Renter-Helper.app"; sourceTree = BUILT_PRODUCTS_DIR; };
		0E716B742B54896100B1D1D0 /* Renter_HelperApp.swift */ = {isa = PBXFileReference; lastKnownFileType = sourcecode.swift; path = Renter_HelperApp.swift; sourceTree = "<group>"; };
		0E716B762B54896100B1D1D0 /* ContentView.swift */ = {isa = PBXFileReference; lastKnownFileType = sourcecode.swift; path = ContentView.swift; sourceTree = "<group>"; };
		0E716B782B54896400B1D1D0 /* Assets.xcassets */ = {isa = PBXFileReference; lastKnownFileType = folder.assetcatalog; path = Assets.xcassets; sourceTree = "<group>"; };
		0E716B7A2B54896400B1D1D0 /* Renter_Helper.entitlements */ = {isa = PBXFileReference; lastKnownFileType = text.plist.entitlements; path = Renter_Helper.entitlements; sourceTree = "<group>"; };
		0E716B7C2B54896400B1D1D0 /* Preview Assets.xcassets */ = {isa = PBXFileReference; lastKnownFileType = folder.assetcatalog; path = "Preview Assets.xcassets"; sourceTree = "<group>"; };
		0ECF58CB2B5B15DC0077CBA8 /* GoogleService-Info.plist */ = {isa = PBXFileReference; fileEncoding = 4; lastKnownFileType = text.plist.xml; path = "GoogleService-Info.plist"; sourceTree = "<group>"; };
/* End PBXFileReference section */

/* Begin PBXFrameworksBuildPhase section */
		0E716B6E2B54896100B1D1D0 /* Frameworks */ = {
			isa = PBXFrameworksBuildPhase;
			buildActionMask = 2147483647;
			files = (
				0ECF58E12B5B19230077CBA8 /* FirebaseDatabase in Frameworks */,
				0ECF58EF2B5B19230077CBA8 /* FirebaseFunctionsCombine-Community in Frameworks */,
				0ECF58E72B5B19230077CBA8 /* FirebaseFirestore in Frameworks */,
				0ECF58D32B5B19230077CBA8 /* FirebaseAnalyticsSwift in Frameworks */,
				0ECF58CF2B5B19230077CBA8 /* FirebaseAnalytics in Frameworks */,
				0ECF58D12B5B19230077CBA8 /* FirebaseAnalyticsOnDeviceConversion in Frameworks */,
				0ECF58F72B5B19230077CBA8 /* FirebaseMLModelDownloader in Frameworks */,
				0ECF58EB2B5B19230077CBA8 /* FirebaseFirestoreSwift in Frameworks */,
				0ECF58D72B5B19230077CBA8 /* FirebaseAppCheck in Frameworks */,
				0ECF58D52B5B19230077CBA8 /* FirebaseAnalyticsWithoutAdIdSupport in Frameworks */,
				0ECF58DB2B5B19230077CBA8 /* FirebaseAuth in Frameworks */,
				0ECF58DF2B5B19230077CBA8 /* FirebaseCrashlytics in Frameworks */,
				0ECF58FF2B5B19230077CBA8 /* FirebaseRemoteConfigSwift in Frameworks */,
				0ECF58F12B5B19230077CBA8 /* FirebaseInAppMessaging-Beta in Frameworks */,
				0ECF58E32B5B19230077CBA8 /* FirebaseDatabaseSwift in Frameworks */,
				0ECF58ED2B5B19230077CBA8 /* FirebaseFunctions in Frameworks */,
				0ECF59032B5B19230077CBA8 /* FirebaseStorageCombine-Community in Frameworks */,
				0ECF58FD2B5B19230077CBA8 /* FirebaseRemoteConfig in Frameworks */,
				0ECF58D92B5B19230077CBA8 /* FirebaseAppDistribution-Beta in Frameworks */,
				0ECF58DD2B5B19230077CBA8 /* FirebaseAuthCombine-Community in Frameworks */,
				0ECF58FB2B5B19230077CBA8 /* FirebasePerformance in Frameworks */,
				0ECF58F32B5B19230077CBA8 /* FirebaseInAppMessagingSwift-Beta in Frameworks */,
				0ECF59012B5B19230077CBA8 /* FirebaseStorage in Frameworks */,
				0ECF58E52B5B19230077CBA8 /* FirebaseDynamicLinks in Frameworks */,
				0ECF58E92B5B19230077CBA8 /* FirebaseFirestoreCombine-Community in Frameworks */,
				0ECF58F92B5B19230077CBA8 /* FirebaseMessaging in Frameworks */,
				0ECF58F52B5B19230077CBA8 /* FirebaseInstallations in Frameworks */,
			);
			runOnlyForDeploymentPostprocessing = 0;
		};
/* End PBXFrameworksBuildPhase section */

/* Begin PBXGroup section */
		0E716B682B54896100B1D1D0 = {
			isa = PBXGroup;
			children = (
				0E716B732B54896100B1D1D0 /* Renter-Helper */,
				0E716B722B54896100B1D1D0 /* Products */,
			);
			sourceTree = "<group>";
		};
		0E716B722B54896100B1D1D0 /* Products */ = {
			isa = PBXGroup;
			children = (
				0E716B712B54896100B1D1D0 /* Renter-Helper.app */,
			);
			name = Products;
			sourceTree = "<group>";
		};
		0E716B732B54896100B1D1D0 /* Renter-Helper */ = {
			isa = PBXGroup;
			children = (
				0E716B742B54896100B1D1D0 /* Renter_HelperApp.swift */,
				0E716B762B54896100B1D1D0 /* ContentView.swift */,
				0E716B782B54896400B1D1D0 /* Assets.xcassets */,
				0E716B7A2B54896400B1D1D0 /* Renter_Helper.entitlements */,
				0ECF58CB2B5B15DC0077CBA8 /* GoogleService-Info.plist */,
				0E716B7B2B54896400B1D1D0 /* Preview Content */,
			);
			path = "Renter-Helper";
			sourceTree = "<group>";
		};
		0E716B7B2B54896400B1D1D0 /* Preview Content */ = {
			isa = PBXGroup;
			children = (
				0E716B7C2B54896400B1D1D0 /* Preview Assets.xcassets */,
			);
			path = "Preview Content";
			sourceTree = "<group>";
		};
/* End PBXGroup section */

/* Begin PBXNativeTarget section */
		0E716B702B54896100B1D1D0 /* Renter-Helper */ = {
			isa = PBXNativeTarget;
			buildConfigurationList = 0E716B802B54896400B1D1D0 /* Build configuration list for PBXNativeTarget "Renter-Helper" */;
			buildPhases = (
				0E716B6D2B54896100B1D1D0 /* Sources */,
				0E716B6E2B54896100B1D1D0 /* Frameworks */,
				0E716B6F2B54896100B1D1D0 /* Resources */,
			);
			buildRules = (
			);
			dependencies = (
			);
			name = "Renter-Helper";
			packageProductDependencies = (
				0ECF58CE2B5B19230077CBA8 /* FirebaseAnalytics */,
				0ECF58D02B5B19230077CBA8 /* FirebaseAnalyticsOnDeviceConversion */,
				0ECF58D22B5B19230077CBA8 /* FirebaseAnalyticsSwift */,
				0ECF58D42B5B19230077CBA8 /* FirebaseAnalyticsWithoutAdIdSupport */,
				0ECF58D62B5B19230077CBA8 /* FirebaseAppCheck */,
				0ECF58D82B5B19230077CBA8 /* FirebaseAppDistribution-Beta */,
				0ECF58DA2B5B19230077CBA8 /* FirebaseAuth */,
				0ECF58DC2B5B19230077CBA8 /* FirebaseAuthCombine-Community */,
				0ECF58DE2B5B19230077CBA8 /* FirebaseCrashlytics */,
				0ECF58E02B5B19230077CBA8 /* FirebaseDatabase */,
				0ECF58E22B5B19230077CBA8 /* FirebaseDatabaseSwift */,
				0ECF58E42B5B19230077CBA8 /* FirebaseDynamicLinks */,
				0ECF58E62B5B19230077CBA8 /* FirebaseFirestore */,
				0ECF58E82B5B19230077CBA8 /* FirebaseFirestoreCombine-Community */,
				0ECF58EA2B5B19230077CBA8 /* FirebaseFirestoreSwift */,
				0ECF58EC2B5B19230077CBA8 /* FirebaseFunctions */,
				0ECF58EE2B5B19230077CBA8 /* FirebaseFunctionsCombine-Community */,
				0ECF58F02B5B19230077CBA8 /* FirebaseInAppMessaging-Beta */,
				0ECF58F22B5B19230077CBA8 /* FirebaseInAppMessagingSwift-Beta */,
				0ECF58F42B5B19230077CBA8 /* FirebaseInstallations */,
				0ECF58F62B5B19230077CBA8 /* FirebaseMLModelDownloader */,
				0ECF58F82B5B19230077CBA8 /* FirebaseMessaging */,
				0ECF58FA2B5B19230077CBA8 /* FirebasePerformance */,
				0ECF58FC2B5B19230077CBA8 /* FirebaseRemoteConfig */,
				0ECF58FE2B5B19230077CBA8 /* FirebaseRemoteConfigSwift */,
				0ECF59002B5B19230077CBA8 /* FirebaseStorage */,
				0ECF59022B5B19230077CBA8 /* FirebaseStorageCombine-Community */,
			);
			productName = "Renter-Helper";
			productReference = 0E716B712B54896100B1D1D0 /* Renter-Helper.app */;
			productType = "com.apple.product-type.application";
		};
/* End PBXNativeTarget section */

/* Begin PBXProject section */
		0E716B692B54896100B1D1D0 /* Project object */ = {
			isa = PBXProject;
			attributes = {
				BuildIndependentTargetsInParallel = 1;
				LastSwiftUpdateCheck = 1520;
				LastUpgradeCheck = 1520;
				TargetAttributes = {
					0E716B702B54896100B1D1D0 = {
						CreatedOnToolsVersion = 15.2;
					};
				};
			};
			buildConfigurationList = 0E716B6C2B54896100B1D1D0 /* Build configuration list for PBXProject "Renter-Helper" */;
			compatibilityVersion = "Xcode 14.0";
			developmentRegion = en;
			hasScannedForEncodings = 0;
			knownRegions = (
				en,
				Base,
			);
			mainGroup = 0E716B682B54896100B1D1D0;
			packageReferences = (
				0ECF58CD2B5B19230077CBA8 /* XCRemoteSwiftPackageReference "firebase-ios-sdk" */,
			);
			productRefGroup = 0E716B722B54896100B1D1D0 /* Products */;
			projectDirPath = "";
			projectRoot = "";
			targets = (
				0E716B702B54896100B1D1D0 /* Renter-Helper */,
			);
		};
/* End PBXProject section */

/* Begin PBXResourcesBuildPhase section */
		0E716B6F2B54896100B1D1D0 /* Resources */ = {
			isa = PBXResourcesBuildPhase;
			buildActionMask = 2147483647;
			files = (
				0E716B7D2B54896400B1D1D0 /* Preview Assets.xcassets in Resources */,
				0E716B792B54896400B1D1D0 /* Assets.xcassets in Resources */,
				0ECF58CC2B5B15DC0077CBA8 /* GoogleService-Info.plist in Resources */,
			);
			runOnlyForDeploymentPostprocessing = 0;
		};
/* End PBXResourcesBuildPhase section */

/* Begin PBXSourcesBuildPhase section */
		0E716B6D2B54896100B1D1D0 /* Sources */ = {
			isa = PBXSourcesBuildPhase;
			buildActionMask = 2147483647;
			files = (
				0E716B772B54896100B1D1D0 /* ContentView.swift in Sources */,
				0E716B752B54896100B1D1D0 /* Renter_HelperApp.swift in Sources */,
			);
			runOnlyForDeploymentPostprocessing = 0;
		};
/* End PBXSourcesBuildPhase section */

/* Begin XCBuildConfiguration section */
		0E716B7E2B54896400B1D1D0 /* Debug */ = {
			isa = XCBuildConfiguration;
			buildSettings = {
				ALWAYS_SEARCH_USER_PATHS = NO;
				ASSETCATALOG_COMPILER_GENERATE_SWIFT_ASSET_SYMBOL_EXTENSIONS = YES;
				CLANG_ANALYZER_NONNULL = YES;
				CLANG_ANALYZER_NUMBER_OBJECT_CONVERSION = YES_AGGRESSIVE;
				CLANG_CXX_LANGUAGE_STANDARD = "gnu++20";
				CLANG_ENABLE_MODULES = YES;
				CLANG_ENABLE_OBJC_ARC = YES;
				CLANG_ENABLE_OBJC_WEAK = YES;
				CLANG_WARN_BLOCK_CAPTURE_AUTORELEASING = YES;
				CLANG_WARN_BOOL_CONVERSION = YES;
				CLANG_WARN_COMMA = YES;
				CLANG_WARN_CONSTANT_CONVERSION = YES;
				CLANG_WARN_DEPRECATED_OBJC_IMPLEMENTATIONS = YES;
				CLANG_WARN_DIRECT_OBJC_ISA_USAGE = YES_ERROR;
				CLANG_WARN_DOCUMENTATION_COMMENTS = YES;
				CLANG_WARN_EMPTY_BODY = YES;
				CLANG_WARN_ENUM_CONVERSION = YES;
				CLANG_WARN_INFINITE_RECURSION = YES;
				CLANG_WARN_INT_CONVERSION = YES;
				CLANG_WARN_NON_LITERAL_NULL_CONVERSION = YES;
				CLANG_WARN_OBJC_IMPLICIT_RETAIN_SELF = YES;
				CLANG_WARN_OBJC_LITERAL_CONVERSION = YES;
				CLANG_WARN_OBJC_ROOT_CLASS = YES_ERROR;
				CLANG_WARN_QUOTED_INCLUDE_IN_FRAMEWORK_HEADER = YES;
				CLANG_WARN_RANGE_LOOP_ANALYSIS = YES;
				CLANG_WARN_STRICT_PROTOTYPES = YES;
				CLANG_WARN_SUSPICIOUS_MOVE = YES;
				CLANG_WARN_UNGUARDED_AVAILABILITY = YES_AGGRESSIVE;
				CLANG_WARN_UNREACHABLE_CODE = YES;
				CLANG_WARN__DUPLICATE_METHOD_MATCH = YES;
				COPY_PHASE_STRIP = NO;
				DEBUG_INFORMATION_FORMAT = dwarf;
				ENABLE_STRICT_OBJC_MSGSEND = YES;
				ENABLE_TESTABILITY = YES;
				ENABLE_USER_SCRIPT_SANDBOXING = YES;
				GCC_C_LANGUAGE_STANDARD = gnu17;
				GCC_DYNAMIC_NO_PIC = NO;
				GCC_NO_COMMON_BLOCKS = YES;
				GCC_OPTIMIZATION_LEVEL = 0;
				GCC_PREPROCESSOR_DEFINITIONS = (
					"DEBUG=1",
					"$(inherited)",
				);
				GCC_WARN_64_TO_32_BIT_CONVERSION = YES;
				GCC_WARN_ABOUT_RETURN_TYPE = YES_ERROR;
				GCC_WARN_UNDECLARED_SELECTOR = YES;
				GCC_WARN_UNINITIALIZED_AUTOS = YES_AGGRESSIVE;
				GCC_WARN_UNUSED_FUNCTION = YES;
				GCC_WARN_UNUSED_VARIABLE = YES;
				LOCALIZATION_PREFERS_STRING_CATALOGS = YES;
				MTL_ENABLE_DEBUG_INFO = INCLUDE_SOURCE;
				MTL_FAST_MATH = YES;
				ONLY_ACTIVE_ARCH = YES;
				SWIFT_ACTIVE_COMPILATION_CONDITIONS = "DEBUG $(inherited)";
				SWIFT_OPTIMIZATION_LEVEL = "-Onone";
			};
			name = Debug;
		};
		0E716B7F2B54896400B1D1D0 /* Release */ = {
			isa = XCBuildConfiguration;
			buildSettings = {
				ALWAYS_SEARCH_USER_PATHS = NO;
				ASSETCATALOG_COMPILER_GENERATE_SWIFT_ASSET_SYMBOL_EXTENSIONS = YES;
				CLANG_ANALYZER_NONNULL = YES;
				CLANG_ANALYZER_NUMBER_OBJECT_CONVERSION = YES_AGGRESSIVE;
				CLANG_CXX_LANGUAGE_STANDARD = "gnu++20";
				CLANG_ENABLE_MODULES = YES;
				CLANG_ENABLE_OBJC_ARC = YES;
				CLANG_ENABLE_OBJC_WEAK = YES;
				CLANG_WARN_BLOCK_CAPTURE_AUTORELEASING = YES;
				CLANG_WARN_BOOL_CONVERSION = YES;
				CLANG_WARN_COMMA = YES;
				CLANG_WARN_CONSTANT_CONVERSION = YES;
				CLANG_WARN_DEPRECATED_OBJC_IMPLEMENTATIONS = YES;
				CLANG_WARN_DIRECT_OBJC_ISA_USAGE = YES_ERROR;
				CLANG_WARN_DOCUMENTATION_COMMENTS = YES;
				CLANG_WARN_EMPTY_BODY = YES;
				CLANG_WARN_ENUM_CONVERSION = YES;
				CLANG_WARN_INFINITE_RECURSION = YES;
				CLANG_WARN_INT_CONVERSION = YES;
				CLANG_WARN_NON_LITERAL_NULL_CONVERSION = YES;
				CLANG_WARN_OBJC_IMPLICIT_RETAIN_SELF = YES;
				CLANG_WARN_OBJC_LITERAL_CONVERSION = YES;
				CLANG_WARN_OBJC_ROOT_CLASS = YES_ERROR;
				CLANG_WARN_QUOTED_INCLUDE_IN_FRAMEWORK_HEADER = YES;
				CLANG_WARN_RANGE_LOOP_ANALYSIS = YES;
				CLANG_WARN_STRICT_PROTOTYPES = YES;
				CLANG_WARN_SUSPICIOUS_MOVE = YES;
				CLANG_WARN_UNGUARDED_AVAILABILITY = YES_AGGRESSIVE;
				CLANG_WARN_UNREACHABLE_CODE = YES;
				CLANG_WARN__DUPLICATE_METHOD_MATCH = YES;
				COPY_PHASE_STRIP = NO;
				DEBUG_INFORMATION_FORMAT = "dwarf-with-dsym";
				ENABLE_NS_ASSERTIONS = NO;
				ENABLE_STRICT_OBJC_MSGSEND = YES;
				ENABLE_USER_SCRIPT_SANDBOXING = YES;
				GCC_C_LANGUAGE_STANDARD = gnu17;
				GCC_NO_COMMON_BLOCKS = YES;
				GCC_WARN_64_TO_32_BIT_CONVERSION = YES;
				GCC_WARN_ABOUT_RETURN_TYPE = YES_ERROR;
				GCC_WARN_UNDECLARED_SELECTOR = YES;
				GCC_WARN_UNINITIALIZED_AUTOS = YES_AGGRESSIVE;
				GCC_WARN_UNUSED_FUNCTION = YES;
				GCC_WARN_UNUSED_VARIABLE = YES;
				LOCALIZATION_PREFERS_STRING_CATALOGS = YES;
				MTL_ENABLE_DEBUG_INFO = NO;
				MTL_FAST_MATH = YES;
				SWIFT_COMPILATION_MODE = wholemodule;
			};
			name = Release;
		};
		0E716B812B54896400B1D1D0 /* Debug */ = {
			isa = XCBuildConfiguration;
			buildSettings = {
				ASSETCATALOG_COMPILER_APPICON_NAME = AppIcon;
				ASSETCATALOG_COMPILER_GLOBAL_ACCENT_COLOR_NAME = AccentColor;
				CODE_SIGN_ENTITLEMENTS = "Renter-Helper/Renter_Helper.entitlements";
				CODE_SIGN_STYLE = Automatic;
				CURRENT_PROJECT_VERSION = 1;
				DEVELOPMENT_ASSET_PATHS = "\"Renter-Helper/Preview Content\"";
				DEVELOPMENT_TEAM = 232Q6PF625;
				ENABLE_HARDENED_RUNTIME = YES;
				ENABLE_PREVIEWS = YES;
				GENERATE_INFOPLIST_FILE = YES;
				"INFOPLIST_KEY_UIApplicationSceneManifest_Generation[sdk=iphoneos*]" = YES;
				"INFOPLIST_KEY_UIApplicationSceneManifest_Generation[sdk=iphonesimulator*]" = YES;
				"INFOPLIST_KEY_UIApplicationSupportsIndirectInputEvents[sdk=iphoneos*]" = YES;
				"INFOPLIST_KEY_UIApplicationSupportsIndirectInputEvents[sdk=iphonesimulator*]" = YES;
				"INFOPLIST_KEY_UILaunchScreen_Generation[sdk=iphoneos*]" = YES;
				"INFOPLIST_KEY_UILaunchScreen_Generation[sdk=iphonesimulator*]" = YES;
				"INFOPLIST_KEY_UIStatusBarStyle[sdk=iphoneos*]" = UIStatusBarStyleDefault;
				"INFOPLIST_KEY_UIStatusBarStyle[sdk=iphonesimulator*]" = UIStatusBarStyleDefault;
				INFOPLIST_KEY_UISupportedInterfaceOrientations = "UIInterfaceOrientationLandscapeLeft UIInterfaceOrientationLandscapeRight UIInterfaceOrientationPortrait";
				INFOPLIST_KEY_UISupportedInterfaceOrientations_iPad = "UIInterfaceOrientationLandscapeLeft UIInterfaceOrientationLandscapeRight UIInterfaceOrientationPortrait UIInterfaceOrientationPortraitUpsideDown";
				IPHONEOS_DEPLOYMENT_TARGET = 16.2;
				LD_RUNPATH_SEARCH_PATHS = "@executable_path/Frameworks";
				"LD_RUNPATH_SEARCH_PATHS[sdk=macosx*]" = "@executable_path/../Frameworks";
				MACOSX_DEPLOYMENT_TARGET = 13.0;
				MARKETING_VERSION = 1.0;
				PRODUCT_BUNDLE_IDENTIFIER = "com.jonathanwmorris.Renter-Helper";
				PRODUCT_NAME = "$(TARGET_NAME)";
				SDKROOT = auto;
				SUPPORTED_PLATFORMS = "iphoneos iphonesimulator macosx";
				SWIFT_EMIT_LOC_STRINGS = YES;
				SWIFT_VERSION = 5.0;
				TARGETED_DEVICE_FAMILY = "1,2";
			};
			name = Debug;
		};
		0E716B822B54896400B1D1D0 /* Release */ = {
			isa = XCBuildConfiguration;
			buildSettings = {
				ASSETCATALOG_COMPILER_APPICON_NAME = AppIcon;
				ASSETCATALOG_COMPILER_GLOBAL_ACCENT_COLOR_NAME = AccentColor;
				CODE_SIGN_ENTITLEMENTS = "Renter-Helper/Renter_Helper.entitlements";
				CODE_SIGN_STYLE = Automatic;
				CURRENT_PROJECT_VERSION = 1;
				DEVELOPMENT_ASSET_PATHS = "\"Renter-Helper/Preview Content\"";
				DEVELOPMENT_TEAM = 232Q6PF625;
				ENABLE_HARDENED_RUNTIME = YES;
				ENABLE_PREVIEWS = YES;
				GENERATE_INFOPLIST_FILE = YES;
				"INFOPLIST_KEY_UIApplicationSceneManifest_Generation[sdk=iphoneos*]" = YES;
				"INFOPLIST_KEY_UIApplicationSceneManifest_Generation[sdk=iphonesimulator*]" = YES;
				"INFOPLIST_KEY_UIApplicationSupportsIndirectInputEvents[sdk=iphoneos*]" = YES;
				"INFOPLIST_KEY_UIApplicationSupportsIndirectInputEvents[sdk=iphonesimulator*]" = YES;
				"INFOPLIST_KEY_UILaunchScreen_Generation[sdk=iphoneos*]" = YES;
				"INFOPLIST_KEY_UILaunchScreen_Generation[sdk=iphonesimulator*]" = YES;
				"INFOPLIST_KEY_UIStatusBarStyle[sdk=iphoneos*]" = UIStatusBarStyleDefault;
				"INFOPLIST_KEY_UIStatusBarStyle[sdk=iphonesimulator*]" = UIStatusBarStyleDefault;
				INFOPLIST_KEY_UISupportedInterfaceOrientations = "UIInterfaceOrientationLandscapeLeft UIInterfaceOrientationLandscapeRight UIInterfaceOrientationPortrait";
				INFOPLIST_KEY_UISupportedInterfaceOrientations_iPad = "UIInterfaceOrientationLandscapeLeft UIInterfaceOrientationLandscapeRight UIInterfaceOrientationPortrait UIInterfaceOrientationPortraitUpsideDown";
				IPHONEOS_DEPLOYMENT_TARGET = 16.2;
				LD_RUNPATH_SEARCH_PATHS = "@executable_path/Frameworks";
				"LD_RUNPATH_SEARCH_PATHS[sdk=macosx*]" = "@executable_path/../Frameworks";
				MACOSX_DEPLOYMENT_TARGET = 13.0;
				MARKETING_VERSION = 1.0;
				PRODUCT_BUNDLE_IDENTIFIER = "com.jonathanwmorris.Renter-Helper";
				PRODUCT_NAME = "$(TARGET_NAME)";
				SDKROOT = auto;
				SUPPORTED_PLATFORMS = "iphoneos iphonesimulator macosx";
				SWIFT_EMIT_LOC_STRINGS = YES;
				SWIFT_VERSION = 5.0;
				TARGETED_DEVICE_FAMILY = "1,2";
			};
			name = Release;
		};
/* End XCBuildConfiguration section */

/* Begin XCConfigurationList section */
		0E716B6C2B54896100B1D1D0 /* Build configuration list for PBXProject "Renter-Helper" */ = {
			isa = XCConfigurationList;
			buildConfigurations = (
				0E716B7E2B54896400B1D1D0 /* Debug */,
				0E716B7F2B54896400B1D1D0 /* Release */,
			);
			defaultConfigurationIsVisible = 0;
			defaultConfigurationName = Release;
		};
		0E716B802B54896400B1D1D0 /* Build configuration list for PBXNativeTarget "Renter-Helper" */ = {
			isa = XCConfigurationList;
			buildConfigurations = (
				0E716B812B54896400B1D1D0 /* Debug */,
				0E716B822B54896400B1D1D0 /* Release */,
			);
			defaultConfigurationIsVisible = 0;
			defaultConfigurationName = Release;
		};
/* End XCConfigurationList section */

/* Begin XCRemoteSwiftPackageReference section */
		0ECF58CD2B5B19230077CBA8 /* XCRemoteSwiftPackageReference "firebase-ios-sdk" */ = {
			isa = XCRemoteSwiftPackageReference;
			repositoryURL = "https://github.com/firebase/firebase-ios-sdk";
			requirement = {
				kind = upToNextMajorVersion;
				minimumVersion = 10.20.0;
			};
		};
/* End XCRemoteSwiftPackageReference section */

/* Begin XCSwiftPackageProductDependency section */
		0ECF58CE2B5B19230077CBA8 /* FirebaseAnalytics */ = {
			isa = XCSwiftPackageProductDependency;
			package = 0ECF58CD2B5B19230077CBA8 /* XCRemoteSwiftPackageReference "firebase-ios-sdk" */;
			productName = FirebaseAnalytics;
		};
		0ECF58D02B5B19230077CBA8 /* FirebaseAnalyticsOnDeviceConversion */ = {
			isa = XCSwiftPackageProductDependency;
			package = 0ECF58CD2B5B19230077CBA8 /* XCRemoteSwiftPackageReference "firebase-ios-sdk" */;
			productName = FirebaseAnalyticsOnDeviceConversion;
		};
		0ECF58D22B5B19230077CBA8 /* FirebaseAnalyticsSwift */ = {
			isa = XCSwiftPackageProductDependency;
			package = 0ECF58CD2B5B19230077CBA8 /* XCRemoteSwiftPackageReference "firebase-ios-sdk" */;
			productName = FirebaseAnalyticsSwift;
		};
		0ECF58D42B5B19230077CBA8 /* FirebaseAnalyticsWithoutAdIdSupport */ = {
			isa = XCSwiftPackageProductDependency;
			package = 0ECF58CD2B5B19230077CBA8 /* XCRemoteSwiftPackageReference "firebase-ios-sdk" */;
			productName = FirebaseAnalyticsWithoutAdIdSupport;
		};
		0ECF58D62B5B19230077CBA8 /* FirebaseAppCheck */ = {
			isa = XCSwiftPackageProductDependency;
			package = 0ECF58CD2B5B19230077CBA8 /* XCRemoteSwiftPackageReference "firebase-ios-sdk" */;
			productName = FirebaseAppCheck;
		};
		0ECF58D82B5B19230077CBA8 /* FirebaseAppDistribution-Beta */ = {
			isa = XCSwiftPackageProductDependency;
			package = 0ECF58CD2B5B19230077CBA8 /* XCRemoteSwiftPackageReference "firebase-ios-sdk" */;
			productName = "FirebaseAppDistribution-Beta";
		};
		0ECF58DA2B5B19230077CBA8 /* FirebaseAuth */ = {
			isa = XCSwiftPackageProductDependency;
			package = 0ECF58CD2B5B19230077CBA8 /* XCRemoteSwiftPackageReference "firebase-ios-sdk" */;
			productName = FirebaseAuth;
		};
		0ECF58DC2B5B19230077CBA8 /* FirebaseAuthCombine-Community */ = {
			isa = XCSwiftPackageProductDependency;
			package = 0ECF58CD2B5B19230077CBA8 /* XCRemoteSwiftPackageReference "firebase-ios-sdk" */;
			productName = "FirebaseAuthCombine-Community";
		};
		0ECF58DE2B5B19230077CBA8 /* FirebaseCrashlytics */ = {
			isa = XCSwiftPackageProductDependency;
			package = 0ECF58CD2B5B19230077CBA8 /* XCRemoteSwiftPackageReference "firebase-ios-sdk" */;
			productName = FirebaseCrashlytics;
		};
		0ECF58E02B5B19230077CBA8 /* FirebaseDatabase */ = {
			isa = XCSwiftPackageProductDependency;
			package = 0ECF58CD2B5B19230077CBA8 /* XCRemoteSwiftPackageReference "firebase-ios-sdk" */;
			productName = FirebaseDatabase;
		};
		0ECF58E22B5B19230077CBA8 /* FirebaseDatabaseSwift */ = {
			isa = XCSwiftPackageProductDependency;
			package = 0ECF58CD2B5B19230077CBA8 /* XCRemoteSwiftPackageReference "firebase-ios-sdk" */;
			productName = FirebaseDatabaseSwift;
		};
		0ECF58E42B5B19230077CBA8 /* FirebaseDynamicLinks */ = {
			isa = XCSwiftPackageProductDependency;
			package = 0ECF58CD2B5B19230077CBA8 /* XCRemoteSwiftPackageReference "firebase-ios-sdk" */;
			productName = FirebaseDynamicLinks;
		};
		0ECF58E62B5B19230077CBA8 /* FirebaseFirestore */ = {
			isa = XCSwiftPackageProductDependency;
			package = 0ECF58CD2B5B19230077CBA8 /* XCRemoteSwiftPackageReference "firebase-ios-sdk" */;
			productName = FirebaseFirestore;
		};
		0ECF58E82B5B19230077CBA8 /* FirebaseFirestoreCombine-Community */ = {
			isa = XCSwiftPackageProductDependency;
			package = 0ECF58CD2B5B19230077CBA8 /* XCRemoteSwiftPackageReference "firebase-ios-sdk" */;
			productName = "FirebaseFirestoreCombine-Community";
		};
		0ECF58EA2B5B19230077CBA8 /* FirebaseFirestoreSwift */ = {
			isa = XCSwiftPackageProductDependency;
			package = 0ECF58CD2B5B19230077CBA8 /* XCRemoteSwiftPackageReference "firebase-ios-sdk" */;
			productName = FirebaseFirestoreSwift;
		};
		0ECF58EC2B5B19230077CBA8 /* FirebaseFunctions */ = {
			isa = XCSwiftPackageProductDependency;
			package = 0ECF58CD2B5B19230077CBA8 /* XCRemoteSwiftPackageReference "firebase-ios-sdk" */;
			productName = FirebaseFunctions;
		};
		0ECF58EE2B5B19230077CBA8 /* FirebaseFunctionsCombine-Community */ = {
			isa = XCSwiftPackageProductDependency;
			package = 0ECF58CD2B5B19230077CBA8 /* XCRemoteSwiftPackageReference "firebase-ios-sdk" */;
			productName = "FirebaseFunctionsCombine-Community";
		};
		0ECF58F02B5B19230077CBA8 /* FirebaseInAppMessaging-Beta */ = {
			isa = XCSwiftPackageProductDependency;
			package = 0ECF58CD2B5B19230077CBA8 /* XCRemoteSwiftPackageReference "firebase-ios-sdk" */;
			productName = "FirebaseInAppMessaging-Beta";
		};
		0ECF58F22B5B19230077CBA8 /* FirebaseInAppMessagingSwift-Beta */ = {
			isa = XCSwiftPackageProductDependency;
			package = 0ECF58CD2B5B19230077CBA8 /* XCRemoteSwiftPackageReference "firebase-ios-sdk" */;
			productName = "FirebaseInAppMessagingSwift-Beta";
		};
		0ECF58F42B5B19230077CBA8 /* FirebaseInstallations */ = {
			isa = XCSwiftPackageProductDependency;
			package = 0ECF58CD2B5B19230077CBA8 /* XCRemoteSwiftPackageReference "firebase-ios-sdk" */;
			productName = FirebaseInstallations;
		};
		0ECF58F62B5B19230077CBA8 /* FirebaseMLModelDownloader */ = {
			isa = XCSwiftPackageProductDependency;
			package = 0ECF58CD2B5B19230077CBA8 /* XCRemoteSwiftPackageReference "firebase-ios-sdk" */;
			productName = FirebaseMLModelDownloader;
		};
		0ECF58F82B5B19230077CBA8 /* FirebaseMessaging */ = {
			isa = XCSwiftPackageProductDependency;
			package = 0ECF58CD2B5B19230077CBA8 /* XCRemoteSwiftPackageReference "firebase-ios-sdk" */;
			productName = FirebaseMessaging;
		};
		0ECF58FA2B5B19230077CBA8 /* FirebasePerformance */ = {
			isa = XCSwiftPackageProductDependency;
			package = 0ECF58CD2B5B19230077CBA8 /* XCRemoteSwiftPackageReference "firebase-ios-sdk" */;
			productName = FirebasePerformance;
		};
		0ECF58FC2B5B19230077CBA8 /* FirebaseRemoteConfig */ = {
			isa = XCSwiftPackageProductDependency;
			package = 0ECF58CD2B5B19230077CBA8 /* XCRemoteSwiftPackageReference "firebase-ios-sdk" */;
			productName = FirebaseRemoteConfig;
		};
		0ECF58FE2B5B19230077CBA8 /* FirebaseRemoteConfigSwift */ = {
			isa = XCSwiftPackageProductDependency;
			package = 0ECF58CD2B5B19230077CBA8 /* XCRemoteSwiftPackageReference "firebase-ios-sdk" */;
			productName = FirebaseRemoteConfigSwift;
		};
		0ECF59002B5B19230077CBA8 /* FirebaseStorage */ = {
			isa = XCSwiftPackageProductDependency;
			package = 0ECF58CD2B5B19230077CBA8 /* XCRemoteSwiftPackageReference "firebase-ios-sdk" */;
			productName = FirebaseStorage;
		};
		0ECF59022B5B19230077CBA8 /* FirebaseStorageCombine-Community */ = {
			isa = XCSwiftPackageProductDependency;
			package = 0ECF58CD2B5B19230077CBA8 /* XCRemoteSwiftPackageReference "firebase-ios-sdk" */;
			productName = "FirebaseStorageCombine-Community";
		};
/* End XCSwiftPackageProductDependency section */
	};
	rootObject = 0E716B692B54896100B1D1D0 /* Project object */;
}
